{
  "name": "trie-fs",
  "version": "2.0.0",
  "lockfileVersion": 3,
  "requires": true,
  "packages": {
    "": {
      "name": "trie-fs",
      "version": "2.0.0",
      "license": "ISC",
      "dependencies": {
        "trie-fs": "^2.0.0"
      }
    },
    "node_modules/trie-fs": {
      "version": "2.0.0",
      "resolved": "https://registry.npmjs.org/trie-fs/-/trie-fs-2.0.0.tgz",
      "integrity": "sha512-u7/ke6e5D7ecNrEg4LpkGkQ6qYh2ULbAXk5mEgMyxDy4XUETK29ZuEXzTFquzJq5p2BFki2Ax7ioTBeG4YbzDg=="
    }
  }
}
